
Microsoft Visual Studio Solution File, Format Version 12.00
# Visual Studio Version 17
VisualStudioVersion = 17.9.34701.34
MinimumVisualStudioVersion = 10.0.40219.1
Project("{9A19103F-16F7-4668-BE54-9A1E7A4F7556}") = "Todo.API", "Todo.API\Todo.API.csproj", "{6EB81C3D-C8C6-40D8-8A42-6BF09C555579}"
EndProject
Project("{2150E333-8FDC-42A3-9474-1A3956D46DE8}") = "API", "API", "{FAD5DDBC-A150-4953-A138-69540426C110}"
EndProject
Project("{2150E333-8FDC-42A3-9474-1A3956D46DE8}") = "Common", "Common", "{993891C7-936F-42D8-9C7C-0E0859BE9158}"
EndProject
Project("{2150E333-8FDC-42A3-9474-1A3956D46DE8}") = "Data", "Data", "{B7389ECF-8AAA-4660-A524-73ABE3B2DD69}"
EndProject
Project("{2150E333-8FDC-42A3-9474-1A3956D46DE8}") = "Logic", "Logic", "{2B71A513-1139-4AF8-AC72-12AD036B2C68}"
EndProject
Project("{FAE04EC0-301F-11D3-BF4B-00C04F79EFBC}") = "Todo.Common", "Todo.Common\Todo.Common.csproj", "{9560E834-B14E-42EB-8A0E-5D6C31719162}"
EndProject
Project("{FAE04EC0-301F-11D3-BF4B-00C04F79EFBC}") = "Todo.Common.Enums", "Todo.Common.Enums\Todo.Common.Enums.csproj", "{60207B12-2982-4A54-B64A-08903BF281D1}"
EndProject
Project("{FAE04EC0-301F-11D3-BF4B-00C04F79EFBC}") = "Todo.Common.Constants", "Todo.Common.Constants\Todo.Common.Constants.csproj", "{D32510A8-F841-4C4F-A482-A246043531DD}"
EndProject
Project("{FAE04EC0-301F-11D3-BF4B-00C04F79EFBC}") = "Todo.Common.Logging", "Todo.Common.Logging\Todo.Common.Logging.csproj", "{48F91293-98C3-4B65-830B-C3E24C9810A7}"
EndProject
Project("{FAE04EC0-301F-11D3-BF4B-00C04F79EFBC}") = "Todo.Data.DB", "Todo.Data.DB\Todo.Data.DB.csproj", "{BDB5F712-2C64-437D-A11D-BF7842268F38}"
EndProject
Project("{FAE04EC0-301F-11D3-BF4B-00C04F79EFBC}") = "Todo.Data.Domain", "Todo.Data.Domain\Todo.Data.Domain.csproj", "{DA0553D4-2A64-4CDE-A9D2-B1680BC19246}"
EndProject
Project("{FAE04EC0-301F-11D3-BF4B-00C04F79EFBC}") = "Todo.Logic.Domain", "Todo.Logic.Domain\Todo.Logic.Domain.csproj", "{8F066355-0F5A-4578-A3C4-8519539B2933}"
EndProject
Project("{FAE04EC0-301F-11D3-BF4B-00C04F79EFBC}") = "Todo.Logic.Services", "Todo.Logic.Services\Todo.Logic.Services.csproj", "{D5F16AAE-1582-47A6-B914-8C6E140186C4}"
EndProject
Global
	GlobalSection(SolutionConfigurationPlatforms) = preSolution
		Debug|Any CPU = Debug|Any CPU
		Release|Any CPU = Release|Any CPU
	EndGlobalSection
	GlobalSection(ProjectConfigurationPlatforms) = postSolution
		{6EB81C3D-C8C6-40D8-8A42-6BF09C555579}.Debug|Any CPU.ActiveCfg = Debug|Any CPU
		{6EB81C3D-C8C6-40D8-8A42-6BF09C555579}.Debug|Any CPU.Build.0 = Debug|Any CPU
		{6EB81C3D-C8C6-40D8-8A42-6BF09C555579}.Release|Any CPU.ActiveCfg = Release|Any CPU
		{6EB81C3D-C8C6-40D8-8A42-6BF09C555579}.Release|Any CPU.Build.0 = Release|Any CPU
		{9560E834-B14E-42EB-8A0E-5D6C31719162}.Debug|Any CPU.ActiveCfg = Debug|Any CPU
		{9560E834-B14E-42EB-8A0E-5D6C31719162}.Debug|Any CPU.Build.0 = Debug|Any CPU
		{9560E834-B14E-42EB-8A0E-5D6C31719162}.Release|Any CPU.ActiveCfg = Release|Any CPU
		{9560E834-B14E-42EB-8A0E-5D6C31719162}.Release|Any CPU.Build.0 = Release|Any CPU
		{60207B12-2982-4A54-B64A-08903BF281D1}.Debug|Any CPU.ActiveCfg = Debug|Any CPU
		{60207B12-2982-4A54-B64A-08903BF281D1}.Debug|Any CPU.Build.0 = Debug|Any CPU
		{60207B12-2982-4A54-B64A-08903BF281D1}.Release|Any CPU.ActiveCfg = Release|Any CPU
		{60207B12-2982-4A54-B64A-08903BF281D1}.Release|Any CPU.Build.0 = Release|Any CPU
		{D32510A8-F841-4C4F-A482-A246043531DD}.Debug|Any CPU.ActiveCfg = Debug|Any CPU
		{D32510A8-F841-4C4F-A482-A246043531DD}.Debug|Any CPU.Build.0 = Debug|Any CPU
		{D32510A8-F841-4C4F-A482-A246043531DD}.Release|Any CPU.ActiveCfg = Release|Any CPU
		{D32510A8-F841-4C4F-A482-A246043531DD}.Release|Any CPU.Build.0 = Release|Any CPU
		{48F91293-98C3-4B65-830B-C3E24C9810A7}.Debug|Any CPU.ActiveCfg = Debug|Any CPU
		{48F91293-98C3-4B65-830B-C3E24C9810A7}.Debug|Any CPU.Build.0 = Debug|Any CPU
		{48F91293-98C3-4B65-830B-C3E24C9810A7}.Release|Any CPU.ActiveCfg = Release|Any CPU
		{48F91293-98C3-4B65-830B-C3E24C9810A7}.Release|Any CPU.Build.0 = Release|Any CPU
		{BDB5F712-2C64-437D-A11D-BF7842268F38}.Debug|Any CPU.ActiveCfg = Debug|Any CPU
		{BDB5F712-2C64-437D-A11D-BF7842268F38}.Debug|Any CPU.Build.0 = Debug|Any CPU
		{BDB5F712-2C64-437D-A11D-BF7842268F38}.Release|Any CPU.ActiveCfg = Release|Any CPU
		{BDB5F712-2C64-437D-A11D-BF7842268F38}.Release|Any CPU.Build.0 = Release|Any CPU
		{DA0553D4-2A64-4CDE-A9D2-B1680BC19246}.Debug|Any CPU.ActiveCfg = Debug|Any CPU
		{DA0553D4-2A64-4CDE-A9D2-B1680BC19246}.Debug|Any CPU.Build.0 = Debug|Any CPU
		{DA0553D4-2A64-4CDE-A9D2-B1680BC19246}.Release|Any CPU.ActiveCfg = Release|Any CPU
		{DA0553D4-2A64-4CDE-A9D2-B1680BC19246}.Release|Any CPU.Build.0 = Release|Any CPU
		{8F066355-0F5A-4578-A3C4-8519539B2933}.Debug|Any CPU.ActiveCfg = Debug|Any CPU
		{8F066355-0F5A-4578-A3C4-8519539B2933}.Debug|Any CPU.Build.0 = Debug|Any CPU
		{8F066355-0F5A-4578-A3C4-8519539B2933}.Release|Any CPU.ActiveCfg = Release|Any CPU
		{8F066355-0F5A-4578-A3C4-8519539B2933}.Release|Any CPU.Build.0 = Release|Any CPU
		{D5F16AAE-1582-47A6-B914-8C6E140186C4}.Debug|Any CPU.ActiveCfg = Debug|Any CPU
		{D5F16AAE-1582-47A6-B914-8C6E140186C4}.Debug|Any CPU.Build.0 = Debug|Any CPU
		{D5F16AAE-1582-47A6-B914-8C6E140186C4}.Release|Any CPU.ActiveCfg = Release|Any CPU
		{D5F16AAE-1582-47A6-B914-8C6E140186C4}.Release|Any CPU.Build.0 = Release|Any CPU
	EndGlobalSection
	GlobalSection(SolutionProperties) = preSolution
		HideSolutionNode = FALSE
	EndGlobalSection
	GlobalSection(NestedProjects) = preSolution
		{6EB81C3D-C8C6-40D8-8A42-6BF09C555579} = {FAD5DDBC-A150-4953-A138-69540426C110}
		{9560E834-B14E-42EB-8A0E-5D6C31719162} = {993891C7-936F-42D8-9C7C-0E0859BE9158}
		{60207B12-2982-4A54-B64A-08903BF281D1} = {993891C7-936F-42D8-9C7C-0E0859BE9158}
		{D32510A8-F841-4C4F-A482-A246043531DD} = {993891C7-936F-42D8-9C7C-0E0859BE9158}
		{48F91293-98C3-4B65-830B-C3E24C9810A7} = {993891C7-936F-42D8-9C7C-0E0859BE9158}
		{BDB5F712-2C64-437D-A11D-BF7842268F38} = {B7389ECF-8AAA-4660-A524-73ABE3B2DD69}
		{DA0553D4-2A64-4CDE-A9D2-B1680BC19246} = {B7389ECF-8AAA-4660-A524-73ABE3B2DD69}
		{8F066355-0F5A-4578-A3C4-8519539B2933} = {2B71A513-1139-4AF8-AC72-12AD036B2C68}
		{D5F16AAE-1582-47A6-B914-8C6E140186C4} = {2B71A513-1139-4AF8-AC72-12AD036B2C68}
	EndGlobalSection
	GlobalSection(ExtensibilityGlobals) = postSolution
		SolutionGuid = {4024CA1F-4718-4C8B-B3CF-C6A8BB8DABFF}
	EndGlobalSection
EndGlobal
